
Microsoft Visual Studio Solution File, Format Version 12.00
# Visual Studio Version 16
VisualStudioVersion = 16.0.30413.136
MinimumVisualStudioVersion = 10.0.40219.1
Project("{FAE04EC0-301F-11D3-BF4B-00C04F79EFBC}") = "BookListMVC", "BookListMVC\BookListMVC.csproj", "{D00CA188-A9FF-498C-AB9E-2AB7204D364B}"
EndProject
Global
	GlobalSection(SolutionConfigurationPlatforms) = preSolution
		Debug|Any CPU = Debug|Any CPU
		Release|Any CPU = Release|Any CPU
	EndGlobalSection
	GlobalSection(ProjectConfigurationPlatforms) = postSolution
		{D00CA188-A9FF-498C-AB9E-2AB7204D364B}.Debug|Any CPU.ActiveCfg = Debug|Any CPU
		{D00CA188-A9FF-498C-AB9E-2AB7204D364B}.Debug|Any CPU.Build.0 = Debug|Any CPU
		{D00CA188-A9FF-498C-AB9E-2AB7204D364B}.Release|Any CPU.ActiveCfg = Release|Any CPU
		{D00CA188-A9FF-498C-AB9E-2AB7204D364B}.Release|Any CPU.Build.0 = Release|Any CPU
	EndGlobalSection
	GlobalSection(SolutionProperties) = preSolution
		HideSolutionNode = FALSE
	EndGlobalSection
	GlobalSection(ExtensibilityGlobals) = postSolution
		SolutionGuid = {526B24EA-7A13-4934-8959-D7DCF4014E3F}
	EndGlobalSection
EndGlobal
